// !$*UTF8*$!
{
	archiveVersion = 1;
	classes = {
	};
	objectVersion = 55;
	objects = {

/* Begin PBXBuildFile section */
		925773D6283CCE9A00831920 /* AppDelegate.swift in Sources */ = {isa = PBXBuildFile; fileRef = 925773D5283CCE9A00831920 /* AppDelegate.swift */; };
		925773D8283CCE9A00831920 /* SceneDelegate.swift in Sources */ = {isa = PBXBuildFile; fileRef = 925773D7283CCE9A00831920 /* SceneDelegate.swift */; };
		925773DA283CCE9A00831920 /* ViewController.swift in Sources */ = {isa = PBXBuildFile; fileRef = 925773D9283CCE9A00831920 /* ViewController.swift */; };
		925773DD283CCE9A00831920 /* Main.storyboard in Resources */ = {isa = PBXBuildFile; fileRef = 925773DB283CCE9A00831920 /* Main.storyboard */; };
		925773DF283CCE9C00831920 /* Assets.xcassets in Resources */ = {isa = PBXBuildFile; fileRef = 925773DE283CCE9C00831920 /* Assets.xcassets */; };
		925773E2283CCE9C00831920 /* LaunchScreen.storyboard in Resources */ = {isa = PBXBuildFile; fileRef = 925773E0283CCE9C00831920 /* LaunchScreen.storyboard */; };
		925773EA283CCEB800831920 /* DatabaseManager.swift in Sources */ = {isa = PBXBuildFile; fileRef = 925773E9283CCEB800831920 /* DatabaseManager.swift */; };
		925773EE283CE4FE00831920 /* DatabaseServices.swift in Sources */ = {isa = PBXBuildFile; fileRef = 925773ED283CE4FE00831920 /* DatabaseServices.swift */; };
		925773F7283CF1B300831920 /* FormViewController.swift in Sources */ = {isa = PBXBuildFile; fileRef = 925773F6283CF1B300831920 /* FormViewController.swift */; };
		925773F9283D016C00831920 /* UserDataModel.swift in Sources */ = {isa = PBXBuildFile; fileRef = 925773F8283D016C00831920 /* UserDataModel.swift */; };
		92A6FEBD283DF1AF00CE0304 /* CustomTableViewCell.swift in Sources */ = {isa = PBXBuildFile; fileRef = 92A6FEBB283DF1AF00CE0304 /* CustomTableViewCell.swift */; };
		92A6FEBE283DF1AF00CE0304 /* CustomTableViewCell.xib in Resources */ = {isa = PBXBuildFile; fileRef = 92A6FEBC283DF1AF00CE0304 /* CustomTableViewCell.xib */; };
		92ABA2792840DDAB00B74CBE /* FormViewModel.swift in Sources */ = {isa = PBXBuildFile; fileRef = 92ABA2782840DDAB00B74CBE /* FormViewModel.swift */; };
		92AC9C5F283F357D00473E20 /* CommonFunctions.swift in Sources */ = {isa = PBXBuildFile; fileRef = 92AC9C5E283F357D00473E20 /* CommonFunctions.swift */; };
		92AC9C62283F55AA00473E20 /* UIButton+Extension.swift in Sources */ = {isa = PBXBuildFile; fileRef = 92AC9C61283F55AA00473E20 /* UIButton+Extension.swift */; };
		92AC9C6A283F5C4F00473E20 /* UIViewController+Extension.swift in Sources */ = {isa = PBXBuildFile; fileRef = 92AC9C69283F5C4F00473E20 /* UIViewController+Extension.swift */; };
		92AC9C6C283F7E8900473E20 /* TableModel.swift in Sources */ = {isa = PBXBuildFile; fileRef = 92AC9C6B283F7E8900473E20 /* TableModel.swift */; };
		92D5FBAB284738AA005CF01E /* CommonEnums.swift in Sources */ = {isa = PBXBuildFile; fileRef = 92D5FBAA284738AA005CF01E /* CommonEnums.swift */; };
/* End PBXBuildFile section */

/* Begin PBXFileReference section */
		925773D2283CCE9A00831920 /* SQL.app */ = {isa = PBXFileReference; explicitFileType = wrapper.application; includeInIndex = 0; path = SQL.app; sourceTree = BUILT_PRODUCTS_DIR; };
		925773D5283CCE9A00831920 /* AppDelegate.swift */ = {isa = PBXFileReference; lastKnownFileType = sourcecode.swift; path = AppDelegate.swift; sourceTree = "<group>"; };
		925773D7283CCE9A00831920 /* SceneDelegate.swift */ = {isa = PBXFileReference; lastKnownFileType = sourcecode.swift; path = SceneDelegate.swift; sourceTree = "<group>"; };
		925773D9283CCE9A00831920 /* ViewController.swift */ = {isa = PBXFileReference; lastKnownFileType = sourcecode.swift; path = ViewController.swift; sourceTree = "<group>"; };
		925773DC283CCE9A00831920 /* Base */ = {isa = PBXFileReference; lastKnownFileType = file.storyboard; name = Base; path = Base.lproj/Main.storyboard; sourceTree = "<group>"; };
		925773DE283CCE9C00831920 /* Assets.xcassets */ = {isa = PBXFileReference; lastKnownFileType = folder.assetcatalog; path = Assets.xcassets; sourceTree = "<group>"; };
		925773E1283CCE9C00831920 /* Base */ = {isa = PBXFileReference; lastKnownFileType = file.storyboard; name = Base; path = Base.lproj/LaunchScreen.storyboard; sourceTree = "<group>"; };
		925773E3283CCE9C00831920 /* Info.plist */ = {isa = PBXFileReference; lastKnownFileType = text.plist.xml; path = Info.plist; sourceTree = "<group>"; };
		925773E9283CCEB800831920 /* DatabaseManager.swift */ = {isa = PBXFileReference; lastKnownFileType = sourcecode.swift; path = DatabaseManager.swift; sourceTree = "<group>"; };
		925773ED283CE4FE00831920 /* DatabaseServices.swift */ = {isa = PBXFileReference; lastKnownFileType = sourcecode.swift; path = DatabaseServices.swift; sourceTree = "<group>"; };
		925773F6283CF1B300831920 /* FormViewController.swift */ = {isa = PBXFileReference; lastKnownFileType = sourcecode.swift; path = FormViewController.swift; sourceTree = "<group>"; };
		925773F8283D016C00831920 /* UserDataModel.swift */ = {isa = PBXFileReference; lastKnownFileType = sourcecode.swift; path = UserDataModel.swift; sourceTree = "<group>"; };
		92A6FEBB283DF1AF00CE0304 /* CustomTableViewCell.swift */ = {isa = PBXFileReference; lastKnownFileType = sourcecode.swift; path = CustomTableViewCell.swift; sourceTree = "<group>"; };
		92A6FEBC283DF1AF00CE0304 /* CustomTableViewCell.xib */ = {isa = PBXFileReference; lastKnownFileType = file.xib; path = CustomTableViewCell.xib; sourceTree = "<group>"; };
		92ABA2782840DDAB00B74CBE /* FormViewModel.swift */ = {isa = PBXFileReference; lastKnownFileType = sourcecode.swift; path = FormViewModel.swift; sourceTree = "<group>"; };
		92AC9C5E283F357D00473E20 /* CommonFunctions.swift */ = {isa = PBXFileReference; lastKnownFileType = sourcecode.swift; path = CommonFunctions.swift; sourceTree = "<group>"; };
		92AC9C61283F55AA00473E20 /* UIButton+Extension.swift */ = {isa = PBXFileReference; lastKnownFileType = sourcecode.swift; path = "UIButton+Extension.swift"; sourceTree = "<group>"; };
		92AC9C69283F5C4F00473E20 /* UIViewController+Extension.swift */ = {isa = PBXFileReference; lastKnownFileType = sourcecode.swift; path = "UIViewController+Extension.swift"; sourceTree = "<group>"; };
		92AC9C6B283F7E8900473E20 /* TableModel.swift */ = {isa = PBXFileReference; lastKnownFileType = sourcecode.swift; path = TableModel.swift; sourceTree = "<group>"; };
		92D5FBAA284738AA005CF01E /* CommonEnums.swift */ = {isa = PBXFileReference; lastKnownFileType = sourcecode.swift; path = CommonEnums.swift; sourceTree = "<group>"; };
/* End PBXFileReference section */

/* Begin PBXFrameworksBuildPhase section */
		925773CF283CCE9A00831920 /* Frameworks */ = {
			isa = PBXFrameworksBuildPhase;
			buildActionMask = 2147483647;
			files = (
			);
			runOnlyForDeploymentPostprocessing = 0;
		};
/* End PBXFrameworksBuildPhase section */

/* Begin PBXGroup section */
		925773C9283CCE9A00831920 = {
			isa = PBXGroup;
			children = (
				925773D4283CCE9A00831920 /* SQL */,
				925773D3283CCE9A00831920 /* Products */,
			);
			sourceTree = "<group>";
		};
		925773D3283CCE9A00831920 /* Products */ = {
			isa = PBXGroup;
			children = (
				925773D2283CCE9A00831920 /* SQL.app */,
			);
			name = Products;
			sourceTree = "<group>";
		};
		925773D4283CCE9A00831920 /* SQL */ = {
			isa = PBXGroup;
			children = (
				92ABA2772840DD8100B74CBE /* ViewModel */,
				92AC9C68283F5AAD00473E20 /* DataModel */,
				92AC9C64283F590A00473E20 /* Database */,
				92AC9C65283F598D00473E20 /* ViewController */,
				92AC9C60283F54B200473E20 /* Utility */,
				92AC9C63283F560700473E20 /* Helper */,
				925773D5283CCE9A00831920 /* AppDelegate.swift */,
				925773D7283CCE9A00831920 /* SceneDelegate.swift */,
				925773DB283CCE9A00831920 /* Main.storyboard */,
				925773DE283CCE9C00831920 /* Assets.xcassets */,
				925773E0283CCE9C00831920 /* LaunchScreen.storyboard */,
				925773E3283CCE9C00831920 /* Info.plist */,
			);
			path = SQL;
			sourceTree = "<group>";
		};
		92ABA2772840DD8100B74CBE /* ViewModel */ = {
			isa = PBXGroup;
			children = (
				92ABA2782840DDAB00B74CBE /* FormViewModel.swift */,
			);
			path = ViewModel;
			sourceTree = "<group>";
		};
		92AC9C60283F54B200473E20 /* Utility */ = {
			isa = PBXGroup;
			children = (
				92AC9C61283F55AA00473E20 /* UIButton+Extension.swift */,
				92AC9C69283F5C4F00473E20 /* UIViewController+Extension.swift */,
			);
			path = Utility;
			sourceTree = "<group>";
		};
		92AC9C63283F560700473E20 /* Helper */ = {
			isa = PBXGroup;
			children = (
				92AC9C5E283F357D00473E20 /* CommonFunctions.swift */,
				92D5FBAA284738AA005CF01E /* CommonEnums.swift */,
			);
			path = Helper;
			sourceTree = "<group>";
		};
		92AC9C64283F590A00473E20 /* Database */ = {
			isa = PBXGroup;
			children = (
				925773E9283CCEB800831920 /* DatabaseManager.swift */,
				925773ED283CE4FE00831920 /* DatabaseServices.swift */,
			);
			path = Database;
			sourceTree = "<group>";
		};
		92AC9C65283F598D00473E20 /* ViewController */ = {
			isa = PBXGroup;
			children = (
				92AC9C67283F59FA00473E20 /* TableViewCell */,
				925773D9283CCE9A00831920 /* ViewController.swift */,
				925773F6283CF1B300831920 /* FormViewController.swift */,
			);
			path = ViewController;
			sourceTree = "<group>";
		};
		92AC9C67283F59FA00473E20 /* TableViewCell */ = {
			isa = PBXGroup;
			children = (
				92A6FEBB283DF1AF00CE0304 /* CustomTableViewCell.swift */,
				92A6FEBC283DF1AF00CE0304 /* CustomTableViewCell.xib */,
			);
			path = TableViewCell;
			sourceTree = "<group>";
		};
		92AC9C68283F5AAD00473E20 /* DataModel */ = {
			isa = PBXGroup;
			children = (
				925773F8283D016C00831920 /* UserDataModel.swift */,
				92AC9C6B283F7E8900473E20 /* TableModel.swift */,
			);
			path = DataModel;
			sourceTree = "<group>";
		};
/* End PBXGroup section */

/* Begin PBXNativeTarget section */
		925773D1283CCE9A00831920 /* SQL */ = {
			isa = PBXNativeTarget;
			buildConfigurationList = 925773E6283CCE9C00831920 /* Build configuration list for PBXNativeTarget "SQL" */;
			buildPhases = (
				925773CE283CCE9A00831920 /* Sources */,
				925773CF283CCE9A00831920 /* Frameworks */,
				925773D0283CCE9A00831920 /* Resources */,
			);
			buildRules = (
			);
			dependencies = (
			);
			name = SQL;
			productName = SQL;
			productReference = 925773D2283CCE9A00831920 /* SQL.app */;
			productType = "com.apple.product-type.application";
		};
/* End PBXNativeTarget section */

/* Begin PBXProject section */
		925773CA283CCE9A00831920 /* Project object */ = {
			isa = PBXProject;
			attributes = {
				BuildIndependentTargetsInParallel = 1;
				LastSwiftUpdateCheck = 1340;
				LastUpgradeCheck = 1340;
				TargetAttributes = {
					925773D1283CCE9A00831920 = {
						CreatedOnToolsVersion = 13.4;
					};
				};
			};
			buildConfigurationList = 925773CD283CCE9A00831920 /* Build configuration list for PBXProject "SQL" */;
			compatibilityVersion = "Xcode 13.0";
			developmentRegion = en;
			hasScannedForEncodings = 0;
			knownRegions = (
				en,
				Base,
			);
			mainGroup = 925773C9283CCE9A00831920;
			productRefGroup = 925773D3283CCE9A00831920 /* Products */;
			projectDirPath = "";
			projectRoot = "";
			targets = (
				925773D1283CCE9A00831920 /* SQL */,
			);
		};
/* End PBXProject section */

/* Begin PBXResourcesBuildPhase section */
		925773D0283CCE9A00831920 /* Resources */ = {
			isa = PBXResourcesBuildPhase;
			buildActionMask = 2147483647;
			files = (
				925773E2283CCE9C00831920 /* LaunchScreen.storyboard in Resources */,
				925773DF283CCE9C00831920 /* Assets.xcassets in Resources */,
				92A6FEBE283DF1AF00CE0304 /* CustomTableViewCell.xib in Resources */,
				925773DD283CCE9A00831920 /* Main.storyboard in Resources */,
			);
			runOnlyForDeploymentPostprocessing = 0;
		};
/* End PBXResourcesBuildPhase section */

/* Begin PBXSourcesBuildPhase section */
		925773CE283CCE9A00831920 /* Sources */ = {
			isa = PBXSourcesBuildPhase;
			buildActionMask = 2147483647;
			files = (
				92ABA2792840DDAB00B74CBE /* FormViewModel.swift in Sources */,
				92AC9C5F283F357D00473E20 /* CommonFunctions.swift in Sources */,
				92AC9C6A283F5C4F00473E20 /* UIViewController+Extension.swift in Sources */,
				92D5FBAB284738AA005CF01E /* CommonEnums.swift in Sources */,
				925773F9283D016C00831920 /* UserDataModel.swift in Sources */,
				925773DA283CCE9A00831920 /* ViewController.swift in Sources */,
				92A6FEBD283DF1AF00CE0304 /* CustomTableViewCell.swift in Sources */,
				925773F7283CF1B300831920 /* FormViewController.swift in Sources */,
				92AC9C62283F55AA00473E20 /* UIButton+Extension.swift in Sources */,
				925773EA283CCEB800831920 /* DatabaseManager.swift in Sources */,
				92AC9C6C283F7E8900473E20 /* TableModel.swift in Sources */,
				925773EE283CE4FE00831920 /* DatabaseServices.swift in Sources */,
				925773D6283CCE9A00831920 /* AppDelegate.swift in Sources */,
				925773D8283CCE9A00831920 /* SceneDelegate.swift in Sources */,
			);
			runOnlyForDeploymentPostprocessing = 0;
		};
/* End PBXSourcesBuildPhase section */

/* Begin PBXVariantGroup section */
		925773DB283CCE9A00831920 /* Main.storyboard */ = {
			isa = PBXVariantGroup;
			children = (
				925773DC283CCE9A00831920 /* Base */,
			);
			name = Main.storyboard;
			sourceTree = "<group>";
		};
		925773E0283CCE9C00831920 /* LaunchScreen.storyboard */ = {
			isa = PBXVariantGroup;
			children = (
				925773E1283CCE9C00831920 /* Base */,
			);
			name = LaunchScreen.storyboard;
			sourceTree = "<group>";
		};
/* End PBXVariantGroup section */

/* Begin XCBuildConfiguration section */
		925773E4283CCE9C00831920 /* Debug */ = {
			isa = XCBuildConfiguration;
			buildSettings = {
				ALWAYS_SEARCH_USER_PATHS = NO;
				CLANG_ANALYZER_NONNULL = YES;
				CLANG_ANALYZER_NUMBER_OBJECT_CONVERSION = YES_AGGRESSIVE;
				CLANG_CXX_LANGUAGE_STANDARD = "gnu++17";
				CLANG_ENABLE_MODULES = YES;
				CLANG_ENABLE_OBJC_ARC = YES;
				CLANG_ENABLE_OBJC_WEAK = YES;
				CLANG_WARN_BLOCK_CAPTURE_AUTORELEASING = YES;
				CLANG_WARN_BOOL_CONVERSION = YES;
				CLANG_WARN_COMMA = YES;
				CLANG_WARN_CONSTANT_CONVERSION = YES;
				CLANG_WARN_DEPRECATED_OBJC_IMPLEMENTATIONS = YES;
				CLANG_WARN_DIRECT_OBJC_ISA_USAGE = YES_ERROR;
				CLANG_WARN_DOCUMENTATION_COMMENTS = YES;
				CLANG_WARN_EMPTY_BODY = YES;
				CLANG_WARN_ENUM_CONVERSION = YES;
				CLANG_WARN_INFINITE_RECURSION = YES;
				CLANG_WARN_INT_CONVERSION = YES;
				CLANG_WARN_NON_LITERAL_NULL_CONVERSION = YES;
				CLANG_WARN_OBJC_IMPLICIT_RETAIN_SELF = YES;
				CLANG_WARN_OBJC_LITERAL_CONVERSION = YES;
				CLANG_WARN_OBJC_ROOT_CLASS = YES_ERROR;
				CLANG_WARN_QUOTED_INCLUDE_IN_FRAMEWORK_HEADER = YES;
				CLANG_WARN_RANGE_LOOP_ANALYSIS = YES;
				CLANG_WARN_STRICT_PROTOTYPES = YES;
				CLANG_WARN_SUSPICIOUS_MOVE = YES;
				CLANG_WARN_UNGUARDED_AVAILABILITY = YES_AGGRESSIVE;
				CLANG_WARN_UNREACHABLE_CODE = YES;
				CLANG_WARN__DUPLICATE_METHOD_MATCH = YES;
				COPY_PHASE_STRIP = NO;
				DEBUG_INFORMATION_FORMAT = dwarf;
				ENABLE_STRICT_OBJC_MSGSEND = YES;
				ENABLE_TESTABILITY = YES;
				GCC_C_LANGUAGE_STANDARD = gnu11;
				GCC_DYNAMIC_NO_PIC = NO;
				GCC_NO_COMMON_BLOCKS = YES;
				GCC_OPTIMIZATION_LEVEL = 0;
				GCC_PREPROCESSOR_DEFINITIONS = (
					"DEBUG=1",
					"$(inherited)",
				);
				GCC_WARN_64_TO_32_BIT_CONVERSION = YES;
				GCC_WARN_ABOUT_RETURN_TYPE = YES_ERROR;
				GCC_WARN_UNDECLARED_SELECTOR = YES;
				GCC_WARN_UNINITIALIZED_AUTOS = YES_AGGRESSIVE;
				GCC_WARN_UNUSED_FUNCTION = YES;
				GCC_WARN_UNUSED_VARIABLE = YES;
				IPHONEOS_DEPLOYMENT_TARGET = 15.5;
				MTL_ENABLE_DEBUG_INFO = INCLUDE_SOURCE;
				MTL_FAST_MATH = YES;
				ONLY_ACTIVE_ARCH = YES;
				SDKROOT = iphoneos;
				SWIFT_ACTIVE_COMPILATION_CONDITIONS = DEBUG;
				SWIFT_OPTIMIZATION_LEVEL = "-Onone";
			};
			name = Debug;
		};
		925773E5283CCE9C00831920 /* Release */ = {
			isa = XCBuildConfiguration;
			buildSettings = {
				ALWAYS_SEARCH_USER_PATHS = NO;
				CLANG_ANALYZER_NONNULL = YES;
				CLANG_ANALYZER_NUMBER_OBJECT_CONVERSION = YES_AGGRESSIVE;
				CLANG_CXX_LANGUAGE_STANDARD = "gnu++17";
				CLANG_ENABLE_MODULES = YES;
				CLANG_ENABLE_OBJC_ARC = YES;
				CLANG_ENABLE_OBJC_WEAK = YES;
				CLANG_WARN_BLOCK_CAPTURE_AUTORELEASING = YES;
				CLANG_WARN_BOOL_CONVERSION = YES;
				CLANG_WARN_COMMA = YES;
				CLANG_WARN_CONSTANT_CONVERSION = YES;
				CLANG_WARN_DEPRECATED_OBJC_IMPLEMENTATIONS = YES;
				CLANG_WARN_DIRECT_OBJC_ISA_USAGE = YES_ERROR;
				CLANG_WARN_DOCUMENTATION_COMMENTS = YES;
				CLANG_WARN_EMPTY_BODY = YES;
				CLANG_WARN_ENUM_CONVERSION = YES;
				CLANG_WARN_INFINITE_RECURSION = YES;
				CLANG_WARN_INT_CONVERSION = YES;
				CLANG_WARN_NON_LITERAL_NULL_CONVERSION = YES;
				CLANG_WARN_OBJC_IMPLICIT_RETAIN_SELF = YES;
				CLANG_WARN_OBJC_LITERAL_CONVERSION = YES;
				CLANG_WARN_OBJC_ROOT_CLASS = YES_ERROR;
				CLANG_WARN_QUOTED_INCLUDE_IN_FRAMEWORK_HEADER = YES;
				CLANG_WARN_RANGE_LOOP_ANALYSIS = YES;
				CLANG_WARN_STRICT_PROTOTYPES = YES;
				CLANG_WARN_SUSPICIOUS_MOVE = YES;
				CLANG_WARN_UNGUARDED_AVAILABILITY = YES_AGGRESSIVE;
				CLANG_WARN_UNREACHABLE_CODE = YES;
				CLANG_WARN__DUPLICATE_METHOD_MATCH = YES;
				COPY_PHASE_STRIP = NO;
				DEBUG_INFORMATION_FORMAT = "dwarf-with-dsym";
				ENABLE_NS_ASSERTIONS = NO;
				ENABLE_STRICT_OBJC_MSGSEND = YES;
				GCC_C_LANGUAGE_STANDARD = gnu11;
				GCC_NO_COMMON_BLOCKS = YES;
				GCC_WARN_64_TO_32_BIT_CONVERSION = YES;
				GCC_WARN_ABOUT_RETURN_TYPE = YES_ERROR;
				GCC_WARN_UNDECLARED_SELECTOR = YES;
				GCC_WARN_UNINITIALIZED_AUTOS = YES_AGGRESSIVE;
				GCC_WARN_UNUSED_FUNCTION = YES;
				GCC_WARN_UNUSED_VARIABLE = YES;
				IPHONEOS_DEPLOYMENT_TARGET = 15.5;
				MTL_ENABLE_DEBUG_INFO = NO;
				MTL_FAST_MATH = YES;
				SDKROOT = iphoneos;
				SWIFT_COMPILATION_MODE = wholemodule;
				SWIFT_OPTIMIZATION_LEVEL = "-O";
				VALIDATE_PRODUCT = YES;
			};
			name = Release;
		};
		925773E7283CCE9C00831920 /* Debug */ = {
			isa = XCBuildConfiguration;
			buildSettings = {
				ASSETCATALOG_COMPILER_APPICON_NAME = AppIcon;
				ASSETCATALOG_COMPILER_GLOBAL_ACCENT_COLOR_NAME = AccentColor;
				CODE_SIGN_STYLE = Automatic;
				CURRENT_PROJECT_VERSION = 1;
				GENERATE_INFOPLIST_FILE = YES;
				INFOPLIST_FILE = SQL/Info.plist;
				INFOPLIST_KEY_UIApplicationSupportsIndirectInputEvents = YES;
				INFOPLIST_KEY_UILaunchStoryboardName = LaunchScreen;
				INFOPLIST_KEY_UIMainStoryboardFile = Main;
				INFOPLIST_KEY_UISupportedInterfaceOrientations_iPad = "UIInterfaceOrientationPortrait UIInterfaceOrientationPortraitUpsideDown UIInterfaceOrientationLandscapeLeft UIInterfaceOrientationLandscapeRight";
				INFOPLIST_KEY_UISupportedInterfaceOrientations_iPhone = "UIInterfaceOrientationPortrait UIInterfaceOrientationLandscapeLeft UIInterfaceOrientationLandscapeRight";
				LD_RUNPATH_SEARCH_PATHS = (
					"$(inherited)",
					"@executable_path/Frameworks",
				);
				MARKETING_VERSION = 1.0;
				PRODUCT_BUNDLE_IDENTIFIER = "Rashida.Kapadia-neosoft.SQL";
				PRODUCT_NAME = "$(TARGET_NAME)";
				SWIFT_EMIT_LOC_STRINGS = YES;
				SWIFT_VERSION = 5.0;
				TARGETED_DEVICE_FAMILY = "1,2";
			};
			name = Debug;
		};
		925773E8283CCE9C00831920 /* Release */ = {
			isa = XCBuildConfiguration;
			buildSettings = {
				ASSETCATALOG_COMPILER_APPICON_NAME = AppIcon;
				ASSETCATALOG_COMPILER_GLOBAL_ACCENT_COLOR_NAME = AccentColor;
				CODE_SIGN_STYLE = Automatic;
				CURRENT_PROJECT_VERSION = 1;
				GENERATE_INFOPLIST_FILE = YES;
				INFOPLIST_FILE = SQL/Info.plist;
				INFOPLIST_KEY_UIApplicationSupportsIndirectInputEvents = YES;
				INFOPLIST_KEY_UILaunchStoryboardName = LaunchScreen;
				INFOPLIST_KEY_UIMainStoryboardFile = Main;
				INFOPLIST_KEY_UISupportedInterfaceOrientations_iPad = "UIInterfaceOrientationPortrait UIInterfaceOrientationPortraitUpsideDown UIInterfaceOrientationLandscapeLeft UIInterfaceOrientationLandscapeRight";
				INFOPLIST_KEY_UISupportedInterfaceOrientations_iPhone = "UIInterfaceOrientationPortrait UIInterfaceOrientationLandscapeLeft UIInterfaceOrientationLandscapeRight";
				LD_RUNPATH_SEARCH_PATHS = (
					"$(inherited)",
					"@executable_path/Frameworks",
				);
				MARKETING_VERSION = 1.0;
				PRODUCT_BUNDLE_IDENTIFIER = "Rashida.Kapadia-neosoft.SQL";
				PRODUCT_NAME = "$(TARGET_NAME)";
				SWIFT_EMIT_LOC_STRINGS = YES;
				SWIFT_VERSION = 5.0;
				TARGETED_DEVICE_FAMILY = "1,2";
			};
			name = Release;
		};
/* End XCBuildConfiguration section */

/* Begin XCConfigurationList section */
		925773CD283CCE9A00831920 /* Build configuration list for PBXProject "SQL" */ = {
			isa = XCConfigurationList;
			buildConfigurations = (
				925773E4283CCE9C00831920 /* Debug */,
				925773E5283CCE9C00831920 /* Release */,
			);
			defaultConfigurationIsVisible = 0;
			defaultConfigurationName = Release;
		};
		925773E6283CCE9C00831920 /* Build configuration list for PBXNativeTarget "SQL" */ = {
			isa = XCConfigurationList;
			buildConfigurations = (
				925773E7283CCE9C00831920 /* Debug */,
				925773E8283CCE9C00831920 /* Release */,
			);
			defaultConfigurationIsVisible = 0;
			defaultConfigurationName = Release;
		};
/* End XCConfigurationList section */
	};
	rootObject = 925773CA283CCE9A00831920 /* Project object */;
}
